
Microsoft Visual Studio Solution File, Format Version 12.00
# Visual Studio Version 17
VisualStudioVersion = 17.0.32112.339
MinimumVisualStudioVersion = 10.0.40219.1
Project("{9A19103F-16F7-4668-BE54-9A1E7A4F7556}") = "SurveyMe.WebApplication", "SurveyMe.WebApplication\SurveyMe.WebApplication.csproj", "{1B13706C-4CC7-4B73-AA89-FC4F7FC96AE0}"
EndProject
Project("{9A19103F-16F7-4668-BE54-9A1E7A4F7556}") = "SurveyMe.Common", "SurveyMe.Common\SurveyMe.Common.csproj", "{FFFD0323-480C-4030-9918-58F9C2C9713C}"
EndProject
Project("{9A19103F-16F7-4668-BE54-9A1E7A4F7556}") = "SurveyMe.Common.Microsoft", "SurveyMe.Common.Microsoft\SurveyMe.Common.Microsoft.csproj", "{C9BEDD5E-61C3-4AF3-9767-07158FB2F1F2}"
EndProject
Project("{9A19103F-16F7-4668-BE54-9A1E7A4F7556}") = "SurveyMe.Data.Contracts", "SurveyMe.Data.Contracts\SurveyMe.Data.Contracts.csproj", "{218B2672-90F9-4DA6-AD7F-8186830D5D6B}"
EndProject
Project("{9A19103F-16F7-4668-BE54-9A1E7A4F7556}") = "SurveyMe.Data.Core", "SurveyMe.Data.Core\SurveyMe.Data.Core.csproj", "{F3AF5A46-1126-471C-A13C-725736E61DD5}"
EndProject
Project("{FAE04EC0-301F-11D3-BF4B-00C04F79EFBC}") = "SurveyMe.DomainModels", "SurveyMe.DomainModels\SurveyMe.DomainModels.csproj", "{B9322690-06EF-467D-9792-1795B9A1ACD2}"
EndProject
Project("{FAE04EC0-301F-11D3-BF4B-00C04F79EFBC}") = "SurveyMe.Data", "SurveyMe.Data\SurveyMe.Data.csproj", "{A9360978-A1A6-49E2-84C1-F85A757D0B26}"
EndProject
Project("{FAE04EC0-301F-11D3-BF4B-00C04F79EFBC}") = "SurveyMe.Foundation", "SurveyMe.Foundation\SurveyMe.Foundation.csproj", "{C5547601-9B7F-4EF0-897B-3D25F9804668}"
EndProject
Global
	GlobalSection(SolutionConfigurationPlatforms) = preSolution
		Debug|Any CPU = Debug|Any CPU
		Release|Any CPU = Release|Any CPU
	EndGlobalSection
	GlobalSection(ProjectConfigurationPlatforms) = postSolution
		{1B13706C-4CC7-4B73-AA89-FC4F7FC96AE0}.Debug|Any CPU.ActiveCfg = Debug|Any CPU
		{1B13706C-4CC7-4B73-AA89-FC4F7FC96AE0}.Debug|Any CPU.Build.0 = Debug|Any CPU
		{1B13706C-4CC7-4B73-AA89-FC4F7FC96AE0}.Release|Any CPU.ActiveCfg = Release|Any CPU
		{1B13706C-4CC7-4B73-AA89-FC4F7FC96AE0}.Release|Any CPU.Build.0 = Release|Any CPU
		{FFFD0323-480C-4030-9918-58F9C2C9713C}.Debug|Any CPU.ActiveCfg = Debug|Any CPU
		{FFFD0323-480C-4030-9918-58F9C2C9713C}.Debug|Any CPU.Build.0 = Debug|Any CPU
		{FFFD0323-480C-4030-9918-58F9C2C9713C}.Release|Any CPU.ActiveCfg = Release|Any CPU
		{FFFD0323-480C-4030-9918-58F9C2C9713C}.Release|Any CPU.Build.0 = Release|Any CPU
		{C9BEDD5E-61C3-4AF3-9767-07158FB2F1F2}.Debug|Any CPU.ActiveCfg = Debug|Any CPU
		{C9BEDD5E-61C3-4AF3-9767-07158FB2F1F2}.Debug|Any CPU.Build.0 = Debug|Any CPU
		{C9BEDD5E-61C3-4AF3-9767-07158FB2F1F2}.Release|Any CPU.ActiveCfg = Release|Any CPU
		{C9BEDD5E-61C3-4AF3-9767-07158FB2F1F2}.Release|Any CPU.Build.0 = Release|Any CPU
		{218B2672-90F9-4DA6-AD7F-8186830D5D6B}.Debug|Any CPU.ActiveCfg = Debug|Any CPU
		{218B2672-90F9-4DA6-AD7F-8186830D5D6B}.Debug|Any CPU.Build.0 = Debug|Any CPU
		{218B2672-90F9-4DA6-AD7F-8186830D5D6B}.Release|Any CPU.ActiveCfg = Release|Any CPU
		{218B2672-90F9-4DA6-AD7F-8186830D5D6B}.Release|Any CPU.Build.0 = Release|Any CPU
		{F3AF5A46-1126-471C-A13C-725736E61DD5}.Debug|Any CPU.ActiveCfg = Debug|Any CPU
		{F3AF5A46-1126-471C-A13C-725736E61DD5}.Debug|Any CPU.Build.0 = Debug|Any CPU
		{F3AF5A46-1126-471C-A13C-725736E61DD5}.Release|Any CPU.ActiveCfg = Release|Any CPU
		{F3AF5A46-1126-471C-A13C-725736E61DD5}.Release|Any CPU.Build.0 = Release|Any CPU
		{B9322690-06EF-467D-9792-1795B9A1ACD2}.Debug|Any CPU.ActiveCfg = Debug|Any CPU
		{B9322690-06EF-467D-9792-1795B9A1ACD2}.Debug|Any CPU.Build.0 = Debug|Any CPU
		{B9322690-06EF-467D-9792-1795B9A1ACD2}.Release|Any CPU.ActiveCfg = Release|Any CPU
		{B9322690-06EF-467D-9792-1795B9A1ACD2}.Release|Any CPU.Build.0 = Release|Any CPU
		{A9360978-A1A6-49E2-84C1-F85A757D0B26}.Debug|Any CPU.ActiveCfg = Debug|Any CPU
		{A9360978-A1A6-49E2-84C1-F85A757D0B26}.Debug|Any CPU.Build.0 = Debug|Any CPU
		{A9360978-A1A6-49E2-84C1-F85A757D0B26}.Release|Any CPU.ActiveCfg = Release|Any CPU
		{A9360978-A1A6-49E2-84C1-F85A757D0B26}.Release|Any CPU.Build.0 = Release|Any CPU
		{C5547601-9B7F-4EF0-897B-3D25F9804668}.Debug|Any CPU.ActiveCfg = Debug|Any CPU
		{C5547601-9B7F-4EF0-897B-3D25F9804668}.Debug|Any CPU.Build.0 = Debug|Any CPU
		{C5547601-9B7F-4EF0-897B-3D25F9804668}.Release|Any CPU.ActiveCfg = Release|Any CPU
		{C5547601-9B7F-4EF0-897B-3D25F9804668}.Release|Any CPU.Build.0 = Release|Any CPU
	EndGlobalSection
	GlobalSection(SolutionProperties) = preSolution
		HideSolutionNode = FALSE
	EndGlobalSection
	GlobalSection(ExtensibilityGlobals) = postSolution
		SolutionGuid = {2CA528D5-5B11-4ABD-B88B-80201F855231}
	EndGlobalSection
EndGlobal
